
Microsoft Visual Studio Solution File, Format Version 12.00
# Visual Studio Version 17
VisualStudioVersion = 17.4.33213.308
MinimumVisualStudioVersion = 10.0.40219.1
Project("{FAE04EC0-301F-11D3-BF4B-00C04F79EFBC}") = "BookStore", "BookStore\BookStore.csproj", "{186D3D6D-858D-46E1-9B02-B7131A1EAA63}"
EndProject
Global
	GlobalSection(SolutionConfigurationPlatforms) = preSolution
		Debug|Any CPU = Debug|Any CPU
		Release|Any CPU = Release|Any CPU
	EndGlobalSection
	GlobalSection(ProjectConfigurationPlatforms) = postSolution
		{186D3D6D-858D-46E1-9B02-B7131A1EAA63}.Debug|Any CPU.ActiveCfg = Debug|Any CPU
		{186D3D6D-858D-46E1-9B02-B7131A1EAA63}.Debug|Any CPU.Build.0 = Debug|Any CPU
		{186D3D6D-858D-46E1-9B02-B7131A1EAA63}.Release|Any CPU.ActiveCfg = Release|Any CPU
		{186D3D6D-858D-46E1-9B02-B7131A1EAA63}.Release|Any CPU.Build.0 = Release|Any CPU
	EndGlobalSection
	GlobalSection(SolutionProperties) = preSolution
		HideSolutionNode = FALSE
	EndGlobalSection
	GlobalSection(ExtensibilityGlobals) = postSolution
		SolutionGuid = {1B3CB740-2F39-4329-B691-D5BA5B2A2D95}
	EndGlobalSection
EndGlobal
